
Microsoft Visual Studio Solution File, Format Version 12.00
# Visual Studio Version 17
VisualStudioVersion = 17.12.35707.178
MinimumVisualStudioVersion = 10.0.40219.1
Project("{FAE04EC0-301F-11D3-BF4B-00C04F79EFBC}") = "Bookify.Domain", "Bookify.Domain\Bookify.Domain.csproj", "{C1300606-58EA-4F48-ADD0-9B7273FA86BF}"
EndProject
Project("{FAE04EC0-301F-11D3-BF4B-00C04F79EFBC}") = "Bookify.Application", "Bookify.Application\Bookify.Application.csproj", "{C9F1C0E6-A59F-4B7F-AAF5-D938CD7EC8F1}"
EndProject
Project("{FAE04EC0-301F-11D3-BF4B-00C04F79EFBC}") = "Bookify.Infrastructure", "Bookify.Infrastructure\Bookify.Infrastructure.csproj", "{FDB2D620-9A15-4C57-8C95-DFDF788139DF}"
EndProject
Global
	GlobalSection(SolutionConfigurationPlatforms) = preSolution
		Debug|Any CPU = Debug|Any CPU
		Release|Any CPU = Release|Any CPU
	EndGlobalSection
	GlobalSection(ProjectConfigurationPlatforms) = postSolution
		{C1300606-58EA-4F48-ADD0-9B7273FA86BF}.Debug|Any CPU.ActiveCfg = Debug|Any CPU
		{C1300606-58EA-4F48-ADD0-9B7273FA86BF}.Debug|Any CPU.Build.0 = Debug|Any CPU
		{C1300606-58EA-4F48-ADD0-9B7273FA86BF}.Release|Any CPU.ActiveCfg = Release|Any CPU
		{C1300606-58EA-4F48-ADD0-9B7273FA86BF}.Release|Any CPU.Build.0 = Release|Any CPU
		{C9F1C0E6-A59F-4B7F-AAF5-D938CD7EC8F1}.Debug|Any CPU.ActiveCfg = Debug|Any CPU
		{C9F1C0E6-A59F-4B7F-AAF5-D938CD7EC8F1}.Debug|Any CPU.Build.0 = Debug|Any CPU
		{C9F1C0E6-A59F-4B7F-AAF5-D938CD7EC8F1}.Release|Any CPU.ActiveCfg = Release|Any CPU
		{C9F1C0E6-A59F-4B7F-AAF5-D938CD7EC8F1}.Release|Any CPU.Build.0 = Release|Any CPU
		{FDB2D620-9A15-4C57-8C95-DFDF788139DF}.Debug|Any CPU.ActiveCfg = Debug|Any CPU
		{FDB2D620-9A15-4C57-8C95-DFDF788139DF}.Debug|Any CPU.Build.0 = Debug|Any CPU
		{FDB2D620-9A15-4C57-8C95-DFDF788139DF}.Release|Any CPU.ActiveCfg = Release|Any CPU
		{FDB2D620-9A15-4C57-8C95-DFDF788139DF}.Release|Any CPU.Build.0 = Release|Any CPU
	EndGlobalSection
	GlobalSection(SolutionProperties) = preSolution
		HideSolutionNode = FALSE
	EndGlobalSection
EndGlobal
